Microsoft Visual Studio Solution File, Format Version 12.00
# Visual Studio 15
VisualStudioVersion = 15.0.27703.2000
MinimumVisualStudioVersion = 10.0.40219.1
Project("{FAE04EC0-301F-11D3-BF4B-00C04F79EFBC}") = "ColumbusWeighing", "src\ColumbusWeighing\ColumbusWeighing.csproj", "{FB6C6E2B-7890-4836-BBA8-7AF670121661}"
EndProject
Global
	GlobalSection(SolutionConfigurationPlatforms) = preSolution
		Debug|Any CPU = Debug|Any CPU
		Debug|x86 = Debug|x86
		Release|Any CPU = Release|Any CPU
		Release|x86 = Release|x86
	EndGlobalSection
	GlobalSection(ProjectConfigurationPlatforms) = postSolution
		{FB6C6E2B-7890-4836-BBA8-7AF670121661}.Debug|Any CPU.ActiveCfg = Debug|Any CPU
		{FB6C6E2B-7890-4836-BBA8-7AF670121661}.Debug|Any CPU.Build.0 = Debug|Any CPU
		{FB6C6E2B-7890-4836-BBA8-7AF670121661}.Debug|x86.ActiveCfg = Debug|Any CPU
		{FB6C6E2B-7890-4836-BBA8-7AF670121661}.Debug|x86.Build.0 = Debug|Any CPU
		{FB6C6E2B-7890-4836-BBA8-7AF670121661}.Release|Any CPU.ActiveCfg = Release|Any CPU
		{FB6C6E2B-7890-4836-BBA8-7AF670121661}.Release|Any CPU.Build.0 = Release|Any CPU
		{FB6C6E2B-7890-4836-BBA8-7AF670121661}.Release|x86.ActiveCfg = Release|Any CPU
		{FB6C6E2B-7890-4836-BBA8-7AF670121661}.Release|x86.Build.0 = Release|Any CPU
	EndGlobalSection
	GlobalSection(SolutionProperties) = preSolution
		HideSolutionNode = FALSE
	EndGlobalSection
	GlobalSection(ExtensibilityGlobals) = postSolution
		SolutionGuid = {607FD5B0-AF85-4E64-9CDD-C33F9F1C76DB}
	EndGlobalSection
EndGlobal
